
Microsoft Visual Studio Solution File, Format Version 12.00
# Visual Studio 14
VisualStudioVersion = 14.0.25420.1
MinimumVisualStudioVersion = 10.0.40219.1
Project("{8BC9CEB8-8B4A-11D0-8D11-00A0C91BC942}") = "Add", "Add\Add.vcxproj", "{1BF75940-6BC5-4136-B6E7-2327ACDAF8C0}"
EndProject
Project("{8BC9CEB8-8B4A-11D0-8D11-00A0C91BC942}") = "Sub", "Sub\Sub.vcxproj", "{753F4E69-AA7D-47A7-9B06-258DD0A3A596}"
EndProject
Project("{8BC9CEB8-8B4A-11D0-8D11-00A0C91BC942}") = "Mul", "Mul\Mul.vcxproj", "{83B9FF7E-F6C4-4FD7-9B14-8F8E9C594313}"
EndProject
Project("{8BC9CEB8-8B4A-11D0-8D11-00A0C91BC942}") = "Divs", "Divs\Divs.vcxproj", "{DFB3F5E9-A0C9-460C-B472-9A90744E1161}"
EndProject
Project("{8BC9CEB8-8B4A-11D0-8D11-00A0C91BC942}") = "UnitTest1", "UnitTest1\UnitTest1.vcxproj", "{32B08379-D762-427E-A517-D3F5F71B5756}"
EndProject
Global
	GlobalSection(SolutionConfigurationPlatforms) = preSolution
		Debug|x64 = Debug|x64
		Debug|x86 = Debug|x86
		Release|x64 = Release|x64
		Release|x86 = Release|x86
	EndGlobalSection
	GlobalSection(ProjectConfigurationPlatforms) = postSolution
		{1BF75940-6BC5-4136-B6E7-2327ACDAF8C0}.Debug|x64.ActiveCfg = Debug|x64
		{1BF75940-6BC5-4136-B6E7-2327ACDAF8C0}.Debug|x64.Build.0 = Debug|x64
		{1BF75940-6BC5-4136-B6E7-2327ACDAF8C0}.Debug|x86.ActiveCfg = Debug|Win32
		{1BF75940-6BC5-4136-B6E7-2327ACDAF8C0}.Debug|x86.Build.0 = Debug|Win32
		{1BF75940-6BC5-4136-B6E7-2327ACDAF8C0}.Release|x64.ActiveCfg = Release|x64
		{1BF75940-6BC5-4136-B6E7-2327ACDAF8C0}.Release|x64.Build.0 = Release|x64
		{1BF75940-6BC5-4136-B6E7-2327ACDAF8C0}.Release|x86.ActiveCfg = Release|Win32
		{1BF75940-6BC5-4136-B6E7-2327ACDAF8C0}.Release|x86.Build.0 = Release|Win32
		{753F4E69-AA7D-47A7-9B06-258DD0A3A596}.Debug|x64.ActiveCfg = Debug|x64
		{753F4E69-AA7D-47A7-9B06-258DD0A3A596}.Debug|x64.Build.0 = Debug|x64
		{753F4E69-AA7D-47A7-9B06-258DD0A3A596}.Debug|x86.ActiveCfg = Debug|Win32
		{753F4E69-AA7D-47A7-9B06-258DD0A3A596}.Debug|x86.Build.0 = Debug|Win32
		{753F4E69-AA7D-47A7-9B06-258DD0A3A596}.Release|x64.ActiveCfg = Release|x64
		{753F4E69-AA7D-47A7-9B06-258DD0A3A596}.Release|x64.Build.0 = Release|x64
		{753F4E69-AA7D-47A7-9B06-258DD0A3A596}.Release|x86.ActiveCfg = Release|Win32
		{753F4E69-AA7D-47A7-9B06-258DD0A3A596}.Release|x86.Build.0 = Release|Win32
		{83B9FF7E-F6C4-4FD7-9B14-8F8E9C594313}.Debug|x64.ActiveCfg = Debug|x64
		{83B9FF7E-F6C4-4FD7-9B14-8F8E9C594313}.Debug|x64.Build.0 = Debug|x64
		{83B9FF7E-F6C4-4FD7-9B14-8F8E9C594313}.Debug|x86.ActiveCfg = Debug|Win32
		{83B9FF7E-F6C4-4FD7-9B14-8F8E9C594313}.Debug|x86.Build.0 = Debug|Win32
		{83B9FF7E-F6C4-4FD7-9B14-8F8E9C594313}.Release|x64.ActiveCfg = Release|x64
		{83B9FF7E-F6C4-4FD7-9B14-8F8E9C594313}.Release|x64.Build.0 = Release|x64
		{83B9FF7E-F6C4-4FD7-9B14-8F8E9C594313}.Release|x86.ActiveCfg = Release|Win32
		{83B9FF7E-F6C4-4FD7-9B14-8F8E9C594313}.Release|x86.Build.0 = Release|Win32
		{DFB3F5E9-A0C9-460C-B472-9A90744E1161}.Debug|x64.ActiveCfg = Debug|x64
		{DFB3F5E9-A0C9-460C-B472-9A90744E1161}.Debug|x64.Build.0 = Debug|x64
		{DFB3F5E9-A0C9-460C-B472-9A90744E1161}.Debug|x86.ActiveCfg = Debug|Win32
		{DFB3F5E9-A0C9-460C-B472-9A90744E1161}.Debug|x86.Build.0 = Debug|Win32
		{DFB3F5E9-A0C9-460C-B472-9A90744E1161}.Release|x64.ActiveCfg = Release|x64
		{DFB3F5E9-A0C9-460C-B472-9A90744E1161}.Release|x64.Build.0 = Release|x64
		{DFB3F5E9-A0C9-460C-B472-9A90744E1161}.Release|x86.ActiveCfg = Release|Win32
		{DFB3F5E9-A0C9-460C-B472-9A90744E1161}.Release|x86.Build.0 = Release|Win32
		{32B08379-D762-427E-A517-D3F5F71B5756}.Debug|x64.ActiveCfg = Debug|x64
		{32B08379-D762-427E-A517-D3F5F71B5756}.Debug|x64.Build.0 = Debug|x64
		{32B08379-D762-427E-A517-D3F5F71B5756}.Debug|x86.ActiveCfg = Debug|Win32
		{32B08379-D762-427E-A517-D3F5F71B5756}.Debug|x86.Build.0 = Debug|Win32
		{32B08379-D762-427E-A517-D3F5F71B5756}.Release|x64.ActiveCfg = Release|x64
		{32B08379-D762-427E-A517-D3F5F71B5756}.Release|x64.Build.0 = Release|x64
		{32B08379-D762-427E-A517-D3F5F71B5756}.Release|x86.ActiveCfg = Release|Win32
		{32B08379-D762-427E-A517-D3F5F71B5756}.Release|x86.Build.0 = Release|Win32
	EndGlobalSection
	GlobalSection(SolutionProperties) = preSolution
		HideSolutionNode = FALSE
	EndGlobalSection
EndGlobal
